// !$*UTF8*$!
{
	archiveVersion = 1;
	classes = {
	};
	objectVersion = 46;
	objects = {

/* Begin PBXBuildFile section */
		FA0A5909145A24D20008892A /* Foundation.framework in Frameworks */ = {isa = PBXBuildFile; fileRef = FA0A5908145A24D20008892A /* Foundation.framework */; };
		FA0A590C145A24D20008892A /* main.m in Sources */ = {isa = PBXBuildFile; fileRef = FA0A590B145A24D20008892A /* main.m */; };
		FA0A5910145A24D20008892A /* AsyncCopy.1 in CopyFiles */ = {isa = PBXBuildFile; fileRef = FA0A590F145A24D20008892A /* AsyncCopy.1 */; };
		FA0A5918145A25160008892A /* AsyncCopier.m in Sources */ = {isa = PBXBuildFile; fileRef = FA0A5917145A25160008892A /* AsyncCopier.m */; };
		FA0A5920145A340A0008892A /* Carbon.framework in Frameworks */ = {isa = PBXBuildFile; fileRef = FA0A591F145A340A0008892A /* Carbon.framework */; };
/* End PBXBuildFile section */

/* Begin PBXCopyFilesBuildPhase section */
		FA0A5902145A24D20008892A /* CopyFiles */ = {
			isa = PBXCopyFilesBuildPhase;
			buildActionMask = 2147483647;
			dstPath = /usr/share/man/man1/;
			dstSubfolderSpec = 0;
			files = (
				FA0A5910145A24D20008892A /* AsyncCopy.1 in CopyFiles */,
			);
			runOnlyForDeploymentPostprocessing = 1;
		};
/* End PBXCopyFilesBuildPhase section */

/* Begin PBXFileReference section */
		FA0A5904145A24D20008892A /* AsyncCopy */ = {isa = PBXFileReference; explicitFileType = "compiled.mach-o.executable"; includeInIndex = 0; path = AsyncCopy; sourceTree = BUILT_PRODUCTS_DIR; };
		FA0A5908145A24D20008892A /* Foundation.framework */ = {isa = PBXFileReference; lastKnownFileType = wrapper.framework; name = Foundation.framework; path = System/Library/Frameworks/Foundation.framework; sourceTree = SDKROOT; };
		FA0A590B145A24D20008892A /* main.m */ = {isa = PBXFileReference; lastKnownFileType = sourcecode.c.objc; path = main.m; sourceTree = "<group>"; };
		FA0A590E145A24D20008892A /* AsyncCopy-Prefix.pch */ = {isa = PBXFileReference; lastKnownFileType = sourcecode.c.h; path = "AsyncCopy-Prefix.pch"; sourceTree = "<group>"; };
		FA0A590F145A24D20008892A /* AsyncCopy.1 */ = {isa = PBXFileReference; lastKnownFileType = text.man; path = AsyncCopy.1; sourceTree = "<group>"; };
		FA0A5916145A25160008892A /* AsyncCopier.h */ = {isa = PBXFileReference; fileEncoding = 4; lastKnownFileType = sourcecode.c.h; path = AsyncCopier.h; sourceTree = "<group>"; };
		FA0A5917145A25160008892A /* AsyncCopier.m */ = {isa = PBXFileReference; fileEncoding = 4; lastKnownFileType = sourcecode.c.objc; path = AsyncCopier.m; sourceTree = "<group>"; };
		FA0A591D145A33F30008892A /* CoreFoundation.framework */ = {isa = PBXFileReference; lastKnownFileType = wrapper.framework; name = CoreFoundation.framework; path = System/Library/Frameworks/CoreFoundation.framework; sourceTree = SDKROOT; };
		FA0A591F145A340A0008892A /* Carbon.framework */ = {isa = PBXFileReference; lastKnownFileType = wrapper.framework; name = Carbon.framework; path = System/Library/Frameworks/Carbon.framework; sourceTree = SDKROOT; };
/* End PBXFileReference section */

/* Begin PBXFrameworksBuildPhase section */
		FA0A5901145A24D20008892A /* Frameworks */ = {
			isa = PBXFrameworksBuildPhase;
			buildActionMask = 2147483647;
			files = (
				FA0A5920145A340A0008892A /* Carbon.framework in Frameworks */,
				FA0A5909145A24D20008892A /* Foundation.framework in Frameworks */,
			);
			runOnlyForDeploymentPostprocessing = 0;
		};
/* End PBXFrameworksBuildPhase section */

/* Begin PBXGroup section */
		FA0A58F9145A24D10008892A = {
			isa = PBXGroup;
			children = (
				FA0A591F145A340A0008892A /* Carbon.framework */,
				FA0A591D145A33F30008892A /* CoreFoundation.framework */,
				FA0A590A145A24D20008892A /* AsyncCopy */,
				FA0A5907145A24D20008892A /* Frameworks */,
				FA0A5905145A24D20008892A /* Products */,
			);
			sourceTree = "<group>";
		};
		FA0A5905145A24D20008892A /* Products */ = {
			isa = PBXGroup;
			children = (
				FA0A5904145A24D20008892A /* AsyncCopy */,
			);
			name = Products;
			sourceTree = "<group>";
		};
		FA0A5907145A24D20008892A /* Frameworks */ = {
			isa = PBXGroup;
			children = (
				FA0A5908145A24D20008892A /* Foundation.framework */,
			);
			name = Frameworks;
			sourceTree = "<group>";
		};
		FA0A590A145A24D20008892A /* AsyncCopy */ = {
			isa = PBXGroup;
			children = (
				FA0A591C145A31590008892A /* AsyncCopier */,
				FA0A590B145A24D20008892A /* main.m */,
				FA0A590F145A24D20008892A /* AsyncCopy.1 */,
				FA0A590D145A24D20008892A /* Supporting Files */,
			);
			path = AsyncCopy;
			sourceTree = "<group>";
		};
		FA0A590D145A24D20008892A /* Supporting Files */ = {
			isa = PBXGroup;
			children = (
				FA0A590E145A24D20008892A /* AsyncCopy-Prefix.pch */,
			);
			name = "Supporting Files";
			sourceTree = "<group>";
		};
		FA0A591C145A31590008892A /* AsyncCopier */ = {
			isa = PBXGroup;
			children = (
				FA0A5916145A25160008892A /* AsyncCopier.h */,
				FA0A5917145A25160008892A /* AsyncCopier.m */,
			);
			name = AsyncCopier;
			sourceTree = "<group>";
		};
/* End PBXGroup section */

/* Begin PBXNativeTarget section */
		FA0A5903145A24D20008892A /* AsyncCopy */ = {
			isa = PBXNativeTarget;
			buildConfigurationList = FA0A5913145A24D20008892A /* Build configuration list for PBXNativeTarget "AsyncCopy" */;
			buildPhases = (
				FA0A5900145A24D20008892A /* Sources */,
				FA0A5901145A24D20008892A /* Frameworks */,
				FA0A5902145A24D20008892A /* CopyFiles */,
			);
			buildRules = (
			);
			dependencies = (
			);
			name = AsyncCopy;
			productName = AsyncCopy;
			productReference = FA0A5904145A24D20008892A /* AsyncCopy */;
			productType = "com.apple.product-type.tool";
		};
/* End PBXNativeTarget section */

/* Begin PBXProject section */
		FA0A58FB145A24D10008892A /* Project object */ = {
			isa = PBXProject;
			attributes = {
				LastUpgradeCheck = 0420;
			};
			buildConfigurationList = FA0A58FE145A24D10008892A /* Build configuration list for PBXProject "AsyncCopy" */;
			compatibilityVersion = "Xcode 3.2";
			developmentRegion = English;
			hasScannedForEncodings = 0;
			knownRegions = (
				en,
			);
			mainGroup = FA0A58F9145A24D10008892A;
			productRefGroup = FA0A5905145A24D20008892A /* Products */;
			projectDirPath = "";
			projectRoot = "";
			targets = (
				FA0A5903145A24D20008892A /* AsyncCopy */,
			);
		};
/* End PBXProject section */

/* Begin PBXSourcesBuildPhase section */
		FA0A5900145A24D20008892A /* Sources */ = {
			isa = PBXSourcesBuildPhase;
			buildActionMask = 2147483647;
			files = (
				FA0A590C145A24D20008892A /* main.m in Sources */,
				FA0A5918145A25160008892A /* AsyncCopier.m in Sources */,
			);
			runOnlyForDeploymentPostprocessing = 0;
		};
/* End PBXSourcesBuildPhase section */

/* Begin XCBuildConfiguration section */
		FA0A5911145A24D20008892A /* Debug */ = {
			isa = XCBuildConfiguration;
			buildSettings = {
				ALWAYS_SEARCH_USER_PATHS = NO;
				ARCHS = "$(ARCHS_STANDARD_64_BIT)";
				CLANG_ENABLE_OBJC_ARC = YES;
				COPY_PHASE_STRIP = NO;
				GCC_C_LANGUAGE_STANDARD = gnu99;
				GCC_DYNAMIC_NO_PIC = NO;
				GCC_ENABLE_OBJC_EXCEPTIONS = YES;
				GCC_OPTIMIZATION_LEVEL = 0;
				GCC_PREPROCESSOR_DEFINITIONS = (
					"DEBUG=1",
					"$(inherited)",
				);
				GCC_SYMBOLS_PRIVATE_EXTERN = NO;
				GCC_VERSION = com.apple.compilers.llvm.clang.1_0;
				GCC_WARN_64_TO_32_BIT_CONVERSION = YES;
				GCC_WARN_ABOUT_MISSING_PROTOTYPES = YES;
				GCC_WARN_ABOUT_RETURN_TYPE = YES;
				GCC_WARN_UNUSED_VARIABLE = YES;
				MACOSX_DEPLOYMENT_TARGET = 10.7;
				ONLY_ACTIVE_ARCH = YES;
				SDKROOT = macosx;
			};
			name = Debug;
		};
		FA0A5912145A24D20008892A /* Release */ = {
			isa = XCBuildConfiguration;
			buildSettings = {
				ALWAYS_SEARCH_USER_PATHS = NO;
				ARCHS = "$(ARCHS_STANDARD_64_BIT)";
				CLANG_ENABLE_OBJC_ARC = YES;
				COPY_PHASE_STRIP = YES;
				DEBUG_INFORMATION_FORMAT = "dwarf-with-dsym";
				GCC_C_LANGUAGE_STANDARD = gnu99;
				GCC_ENABLE_OBJC_EXCEPTIONS = YES;
				GCC_VERSION = com.apple.compilers.llvm.clang.1_0;
				GCC_WARN_64_TO_32_BIT_CONVERSION = YES;
				GCC_WARN_ABOUT_MISSING_PROTOTYPES = YES;
				GCC_WARN_ABOUT_RETURN_TYPE = YES;
				GCC_WARN_UNUSED_VARIABLE = YES;
				MACOSX_DEPLOYMENT_TARGET = 10.7;
				SDKROOT = macosx;
			};
			name = Release;
		};
		FA0A5914145A24D20008892A /* Debug */ = {
			isa = XCBuildConfiguration;
			buildSettings = {
				GCC_PRECOMPILE_PREFIX_HEADER = YES;
				GCC_PREFIX_HEADER = "AsyncCopy/AsyncCopy-Prefix.pch";
				PRODUCT_NAME = "$(TARGET_NAME)";
			};
			name = Debug;
		};
		FA0A5915145A24D20008892A /* Release */ = {
			isa = XCBuildConfiguration;
			buildSettings = {
				GCC_PRECOMPILE_PREFIX_HEADER = YES;
				GCC_PREFIX_HEADER = "AsyncCopy/AsyncCopy-Prefix.pch";
				PRODUCT_NAME = "$(TARGET_NAME)";
			};
			name = Release;
		};
/* End XCBuildConfiguration section */

/* Begin XCConfigurationList section */
		FA0A58FE145A24D10008892A /* Build configuration list for PBXProject "AsyncCopy" */ = {
			isa = XCConfigurationList;
			buildConfigurations = (
				FA0A5911145A24D20008892A /* Debug */,
				FA0A5912145A24D20008892A /* Release */,
			);
			defaultConfigurationIsVisible = 0;
			defaultConfigurationName = Release;
		};
		FA0A5913145A24D20008892A /* Build configuration list for PBXNativeTarget "AsyncCopy" */ = {
			isa = XCConfigurationList;
			buildConfigurations = (
				FA0A5914145A24D20008892A /* Debug */,
				FA0A5915145A24D20008892A /* Release */,
			);
			defaultConfigurationIsVisible = 0;
		};
/* End XCConfigurationList section */
	};
	rootObject = FA0A58FB145A24D10008892A /* Project object */;
}
